
Microsoft Visual Studio Solution File, Format Version 12.00
# Visual Studio Version 16
VisualStudioVersion = 16.0.31205.134
MinimumVisualStudioVersion = 10.0.40219.1
Project("{FAE04EC0-301F-11D3-BF4B-00C04F79EFBC}") = "DnickPhysicalHealth181089", "DnickPhysicalHealth181089\DnickPhysicalHealth181089.csproj", "{7991D497-4FE1-4A14-9681-8F3FB52E6008}"
EndProject
Global
	GlobalSection(SolutionConfigurationPlatforms) = preSolution
		Debug|Any CPU = Debug|Any CPU
		Release|Any CPU = Release|Any CPU
	EndGlobalSection
	GlobalSection(ProjectConfigurationPlatforms) = postSolution
		{7991D497-4FE1-4A14-9681-8F3FB52E6008}.Debug|Any CPU.ActiveCfg = Debug|Any CPU
		{7991D497-4FE1-4A14-9681-8F3FB52E6008}.Debug|Any CPU.Build.0 = Debug|Any CPU
		{7991D497-4FE1-4A14-9681-8F3FB52E6008}.Release|Any CPU.ActiveCfg = Release|Any CPU
		{7991D497-4FE1-4A14-9681-8F3FB52E6008}.Release|Any CPU.Build.0 = Release|Any CPU
	EndGlobalSection
	GlobalSection(SolutionProperties) = preSolution
		HideSolutionNode = FALSE
	EndGlobalSection
	GlobalSection(ExtensibilityGlobals) = postSolution
		SolutionGuid = {3EB85DD6-6608-4B34-B954-D7F0D97868A9}
	EndGlobalSection
EndGlobal
